
Microsoft Visual Studio Solution File, Format Version 12.00
# Visual Studio 2013
VisualStudioVersion = 12.0.30723.0
MinimumVisualStudioVersion = 10.0.40219.1
Project("{2150E333-8FDC-42A3-9474-1A3956D46DE8}") = "Week4", "Week4", "{762045B9-D15A-45DE-947B-6E86932A70E8}"
EndProject
Project("{8BC9CEB8-8B4A-11D0-8D11-00A0C91BC942}") = "Week4_1", "Week4_1\Week4_1.vcxproj", "{E55577D5-46EE-4F15-BAD6-AA506DD203DA}"
EndProject
Project("{8BC9CEB8-8B4A-11D0-8D11-00A0C91BC942}") = "Week4_2", "Week4_2\Week4_2.vcxproj", "{086B4B28-508B-4CF5-B7FB-69B96FB27BD1}"
EndProject
Project("{8BC9CEB8-8B4A-11D0-8D11-00A0C91BC942}") = "Week4_3", "Week4_3\Week4_3.vcxproj", "{EF35B791-08C6-408A-9B98-BD6F8116FDC2}"
EndProject
Project("{2150E333-8FDC-42A3-9474-1A3956D46DE8}") = "Week5", "Week5", "{4C203DA1-6B3E-455E-B09D-D5F8DF5E8540}"
EndProject
Project("{8BC9CEB8-8B4A-11D0-8D11-00A0C91BC942}") = "Week5_1", "Week5_1\Week5_1.vcxproj", "{D40D9DAC-A230-4FD7-B97C-30D58A674812}"
EndProject
Project("{8BC9CEB8-8B4A-11D0-8D11-00A0C91BC942}") = "Week5_2", "Week5_2\Week5_2.vcxproj", "{18836C94-4576-4AB2-A057-5A4A22AAEAD4}"
EndProject
Project("{8BC9CEB8-8B4A-11D0-8D11-00A0C91BC942}") = "Week5_3", "Week5_3\Week5_3.vcxproj", "{B695CFC6-4415-4FDC-A47B-9DAC95F1D467}"
EndProject
Project("{8BC9CEB8-8B4A-11D0-8D11-00A0C91BC942}") = "Week5_4", "Week5_4\Week5_4.vcxproj", "{29411292-D382-4858-8BBE-D137ED454A01}"
EndProject
Project("{2150E333-8FDC-42A3-9474-1A3956D46DE8}") = "Week6", "Week6", "{42C27F22-DF94-4469-82D1-562C9A8DAE15}"
EndProject
Project("{8BC9CEB8-8B4A-11D0-8D11-00A0C91BC942}") = "Week6_0", "Week6_0\Week6_0.vcxproj", "{9F064920-A402-444A-A905-F3DD5287E614}"
EndProject
Project("{8BC9CEB8-8B4A-11D0-8D11-00A0C91BC942}") = "Week6_1", "Week6_1\Week6_1.vcxproj", "{043A121F-CF81-48EA-837B-F18EFDC82D90}"
EndProject
Project("{8BC9CEB8-8B4A-11D0-8D11-00A0C91BC942}") = "Week6_2", "Week6_2\Week6_2.vcxproj", "{27777490-86E1-4986-BD28-B86229CAF577}"
EndProject
Project("{8BC9CEB8-8B4A-11D0-8D11-00A0C91BC942}") = "Week6_3", "Week6_3\Week6_3.vcxproj", "{16A1427E-82D3-4EFB-8A47-57157DC7EB0F}"
EndProject
Project("{8BC9CEB8-8B4A-11D0-8D11-00A0C91BC942}") = "Week6_4", "Week6_4\Week6_4.vcxproj", "{D391A11B-426E-460B-B61B-A1186332EEA4}"
EndProject
Project("{2150E333-8FDC-42A3-9474-1A3956D46DE8}") = "Week7", "Week7", "{17B0C68C-D5CD-407D-BC86-6B692BDAEFAD}"
EndProject
Project("{8BC9CEB8-8B4A-11D0-8D11-00A0C91BC942}") = "Week7_0", "Week7_0\Week7_0.vcxproj", "{57FB71C8-2DFD-447B-8295-9542600B23FB}"
EndProject
Project("{8BC9CEB8-8B4A-11D0-8D11-00A0C91BC942}") = "Week7_00", "Week7_00\Week7_00.vcxproj", "{72D890E1-DCA0-45E2-AC57-2FC9C946C51D}"
EndProject
Project("{8BC9CEB8-8B4A-11D0-8D11-00A0C91BC942}") = "Week7_1", "Week7_1\Week7_1.vcxproj", "{CC88FD6D-15AC-4214-84AA-6A9EF5732292}"
EndProject
Project("{8BC9CEB8-8B4A-11D0-8D11-00A0C91BC942}") = "Week7_2", "Week7_2\Week7_2.vcxproj", "{AA89D919-A89F-41A5-AF26-D8F352EB246F}"
EndProject
Project("{8BC9CEB8-8B4A-11D0-8D11-00A0C91BC942}") = "Week7_3", "Week7_3\Week7_3.vcxproj", "{DE9A5055-BD1C-4911-8C9C-27F5D7DE7024}"
EndProject
Project("{8BC9CEB8-8B4A-11D0-8D11-00A0C91BC942}") = "Week7_4", "Week7_4\Week7_4.vcxproj", "{1A97FD5A-F384-4F68-9CA9-0781538E2696}"
EndProject
Global
	GlobalSection(SolutionConfigurationPlatforms) = preSolution
		Debug|Win32 = Debug|Win32
		Release|Win32 = Release|Win32
	EndGlobalSection
	GlobalSection(ProjectConfigurationPlatforms) = postSolution
		{E55577D5-46EE-4F15-BAD6-AA506DD203DA}.Debug|Win32.ActiveCfg = Debug|Win32
		{E55577D5-46EE-4F15-BAD6-AA506DD203DA}.Debug|Win32.Build.0 = Debug|Win32
		{E55577D5-46EE-4F15-BAD6-AA506DD203DA}.Release|Win32.ActiveCfg = Release|Win32
		{E55577D5-46EE-4F15-BAD6-AA506DD203DA}.Release|Win32.Build.0 = Release|Win32
		{086B4B28-508B-4CF5-B7FB-69B96FB27BD1}.Debug|Win32.ActiveCfg = Debug|Win32
		{086B4B28-508B-4CF5-B7FB-69B96FB27BD1}.Debug|Win32.Build.0 = Debug|Win32
		{086B4B28-508B-4CF5-B7FB-69B96FB27BD1}.Release|Win32.ActiveCfg = Release|Win32
		{086B4B28-508B-4CF5-B7FB-69B96FB27BD1}.Release|Win32.Build.0 = Release|Win32
		{EF35B791-08C6-408A-9B98-BD6F8116FDC2}.Debug|Win32.ActiveCfg = Debug|Win32
		{EF35B791-08C6-408A-9B98-BD6F8116FDC2}.Debug|Win32.Build.0 = Debug|Win32
		{EF35B791-08C6-408A-9B98-BD6F8116FDC2}.Release|Win32.ActiveCfg = Release|Win32
		{EF35B791-08C6-408A-9B98-BD6F8116FDC2}.Release|Win32.Build.0 = Release|Win32
		{D40D9DAC-A230-4FD7-B97C-30D58A674812}.Debug|Win32.ActiveCfg = Debug|Win32
		{D40D9DAC-A230-4FD7-B97C-30D58A674812}.Debug|Win32.Build.0 = Debug|Win32
		{D40D9DAC-A230-4FD7-B97C-30D58A674812}.Release|Win32.ActiveCfg = Release|Win32
		{D40D9DAC-A230-4FD7-B97C-30D58A674812}.Release|Win32.Build.0 = Release|Win32
		{18836C94-4576-4AB2-A057-5A4A22AAEAD4}.Debug|Win32.ActiveCfg = Debug|Win32
		{18836C94-4576-4AB2-A057-5A4A22AAEAD4}.Debug|Win32.Build.0 = Debug|Win32
		{18836C94-4576-4AB2-A057-5A4A22AAEAD4}.Release|Win32.ActiveCfg = Release|Win32
		{18836C94-4576-4AB2-A057-5A4A22AAEAD4}.Release|Win32.Build.0 = Release|Win32
		{B695CFC6-4415-4FDC-A47B-9DAC95F1D467}.Debug|Win32.ActiveCfg = Debug|Win32
		{B695CFC6-4415-4FDC-A47B-9DAC95F1D467}.Debug|Win32.Build.0 = Debug|Win32
		{B695CFC6-4415-4FDC-A47B-9DAC95F1D467}.Release|Win32.ActiveCfg = Release|Win32
		{B695CFC6-4415-4FDC-A47B-9DAC95F1D467}.Release|Win32.Build.0 = Release|Win32
		{29411292-D382-4858-8BBE-D137ED454A01}.Debug|Win32.ActiveCfg = Debug|Win32
		{29411292-D382-4858-8BBE-D137ED454A01}.Debug|Win32.Build.0 = Debug|Win32
		{29411292-D382-4858-8BBE-D137ED454A01}.Release|Win32.ActiveCfg = Release|Win32
		{29411292-D382-4858-8BBE-D137ED454A01}.Release|Win32.Build.0 = Release|Win32
		{9F064920-A402-444A-A905-F3DD5287E614}.Debug|Win32.ActiveCfg = Debug|Win32
		{9F064920-A402-444A-A905-F3DD5287E614}.Debug|Win32.Build.0 = Debug|Win32
		{9F064920-A402-444A-A905-F3DD5287E614}.Release|Win32.ActiveCfg = Release|Win32
		{9F064920-A402-444A-A905-F3DD5287E614}.Release|Win32.Build.0 = Release|Win32
		{043A121F-CF81-48EA-837B-F18EFDC82D90}.Debug|Win32.ActiveCfg = Debug|Win32
		{043A121F-CF81-48EA-837B-F18EFDC82D90}.Debug|Win32.Build.0 = Debug|Win32
		{043A121F-CF81-48EA-837B-F18EFDC82D90}.Release|Win32.ActiveCfg = Release|Win32
		{043A121F-CF81-48EA-837B-F18EFDC82D90}.Release|Win32.Build.0 = Release|Win32
		{27777490-86E1-4986-BD28-B86229CAF577}.Debug|Win32.ActiveCfg = Debug|Win32
		{27777490-86E1-4986-BD28-B86229CAF577}.Debug|Win32.Build.0 = Debug|Win32
		{27777490-86E1-4986-BD28-B86229CAF577}.Release|Win32.ActiveCfg = Release|Win32
		{27777490-86E1-4986-BD28-B86229CAF577}.Release|Win32.Build.0 = Release|Win32
		{16A1427E-82D3-4EFB-8A47-57157DC7EB0F}.Debug|Win32.ActiveCfg = Debug|Win32
		{16A1427E-82D3-4EFB-8A47-57157DC7EB0F}.Debug|Win32.Build.0 = Debug|Win32
		{16A1427E-82D3-4EFB-8A47-57157DC7EB0F}.Release|Win32.ActiveCfg = Release|Win32
		{16A1427E-82D3-4EFB-8A47-57157DC7EB0F}.Release|Win32.Build.0 = Release|Win32
		{D391A11B-426E-460B-B61B-A1186332EEA4}.Debug|Win32.ActiveCfg = Debug|Win32
		{D391A11B-426E-460B-B61B-A1186332EEA4}.Debug|Win32.Build.0 = Debug|Win32
		{D391A11B-426E-460B-B61B-A1186332EEA4}.Release|Win32.ActiveCfg = Release|Win32
		{D391A11B-426E-460B-B61B-A1186332EEA4}.Release|Win32.Build.0 = Release|Win32
		{57FB71C8-2DFD-447B-8295-9542600B23FB}.Debug|Win32.ActiveCfg = Debug|Win32
		{57FB71C8-2DFD-447B-8295-9542600B23FB}.Debug|Win32.Build.0 = Debug|Win32
		{57FB71C8-2DFD-447B-8295-9542600B23FB}.Release|Win32.ActiveCfg = Release|Win32
		{57FB71C8-2DFD-447B-8295-9542600B23FB}.Release|Win32.Build.0 = Release|Win32
		{72D890E1-DCA0-45E2-AC57-2FC9C946C51D}.Debug|Win32.ActiveCfg = Debug|Win32
		{72D890E1-DCA0-45E2-AC57-2FC9C946C51D}.Debug|Win32.Build.0 = Debug|Win32
		{72D890E1-DCA0-45E2-AC57-2FC9C946C51D}.Release|Win32.ActiveCfg = Release|Win32
		{72D890E1-DCA0-45E2-AC57-2FC9C946C51D}.Release|Win32.Build.0 = Release|Win32
		{CC88FD6D-15AC-4214-84AA-6A9EF5732292}.Debug|Win32.ActiveCfg = Debug|Win32
		{CC88FD6D-15AC-4214-84AA-6A9EF5732292}.Debug|Win32.Build.0 = Debug|Win32
		{CC88FD6D-15AC-4214-84AA-6A9EF5732292}.Release|Win32.ActiveCfg = Release|Win32
		{CC88FD6D-15AC-4214-84AA-6A9EF5732292}.Release|Win32.Build.0 = Release|Win32
		{AA89D919-A89F-41A5-AF26-D8F352EB246F}.Debug|Win32.ActiveCfg = Debug|Win32
		{AA89D919-A89F-41A5-AF26-D8F352EB246F}.Debug|Win32.Build.0 = Debug|Win32
		{AA89D919-A89F-41A5-AF26-D8F352EB246F}.Release|Win32.ActiveCfg = Release|Win32
		{AA89D919-A89F-41A5-AF26-D8F352EB246F}.Release|Win32.Build.0 = Release|Win32
		{DE9A5055-BD1C-4911-8C9C-27F5D7DE7024}.Debug|Win32.ActiveCfg = Debug|Win32
		{DE9A5055-BD1C-4911-8C9C-27F5D7DE7024}.Debug|Win32.Build.0 = Debug|Win32
		{DE9A5055-BD1C-4911-8C9C-27F5D7DE7024}.Release|Win32.ActiveCfg = Release|Win32
		{DE9A5055-BD1C-4911-8C9C-27F5D7DE7024}.Release|Win32.Build.0 = Release|Win32
		{1A97FD5A-F384-4F68-9CA9-0781538E2696}.Debug|Win32.ActiveCfg = Debug|Win32
		{1A97FD5A-F384-4F68-9CA9-0781538E2696}.Debug|Win32.Build.0 = Debug|Win32
		{1A97FD5A-F384-4F68-9CA9-0781538E2696}.Release|Win32.ActiveCfg = Release|Win32
		{1A97FD5A-F384-4F68-9CA9-0781538E2696}.Release|Win32.Build.0 = Release|Win32
	EndGlobalSection
	GlobalSection(SolutionProperties) = preSolution
		HideSolutionNode = FALSE
	EndGlobalSection
	GlobalSection(NestedProjects) = preSolution
		{E55577D5-46EE-4F15-BAD6-AA506DD203DA} = {762045B9-D15A-45DE-947B-6E86932A70E8}
		{086B4B28-508B-4CF5-B7FB-69B96FB27BD1} = {762045B9-D15A-45DE-947B-6E86932A70E8}
		{EF35B791-08C6-408A-9B98-BD6F8116FDC2} = {762045B9-D15A-45DE-947B-6E86932A70E8}
		{D40D9DAC-A230-4FD7-B97C-30D58A674812} = {4C203DA1-6B3E-455E-B09D-D5F8DF5E8540}
		{18836C94-4576-4AB2-A057-5A4A22AAEAD4} = {4C203DA1-6B3E-455E-B09D-D5F8DF5E8540}
		{B695CFC6-4415-4FDC-A47B-9DAC95F1D467} = {4C203DA1-6B3E-455E-B09D-D5F8DF5E8540}
		{29411292-D382-4858-8BBE-D137ED454A01} = {4C203DA1-6B3E-455E-B09D-D5F8DF5E8540}
		{9F064920-A402-444A-A905-F3DD5287E614} = {42C27F22-DF94-4469-82D1-562C9A8DAE15}
		{043A121F-CF81-48EA-837B-F18EFDC82D90} = {42C27F22-DF94-4469-82D1-562C9A8DAE15}
		{27777490-86E1-4986-BD28-B86229CAF577} = {42C27F22-DF94-4469-82D1-562C9A8DAE15}
		{16A1427E-82D3-4EFB-8A47-57157DC7EB0F} = {42C27F22-DF94-4469-82D1-562C9A8DAE15}
		{D391A11B-426E-460B-B61B-A1186332EEA4} = {42C27F22-DF94-4469-82D1-562C9A8DAE15}
		{57FB71C8-2DFD-447B-8295-9542600B23FB} = {17B0C68C-D5CD-407D-BC86-6B692BDAEFAD}
		{72D890E1-DCA0-45E2-AC57-2FC9C946C51D} = {17B0C68C-D5CD-407D-BC86-6B692BDAEFAD}
		{CC88FD6D-15AC-4214-84AA-6A9EF5732292} = {17B0C68C-D5CD-407D-BC86-6B692BDAEFAD}
		{AA89D919-A89F-41A5-AF26-D8F352EB246F} = {17B0C68C-D5CD-407D-BC86-6B692BDAEFAD}
		{DE9A5055-BD1C-4911-8C9C-27F5D7DE7024} = {17B0C68C-D5CD-407D-BC86-6B692BDAEFAD}
		{1A97FD5A-F384-4F68-9CA9-0781538E2696} = {17B0C68C-D5CD-407D-BC86-6B692BDAEFAD}
	EndGlobalSection
EndGlobal
